lockfileVersion: '6.0'

settings:
  autoInstallPeers: true
  excludeLinksFromLockfile: false

dependencies:
  cron:
    specifier: ^2.4.0
    version: 2.4.0
  dotenv-flow:
    specifier: ^3.2.0
    version: 3.2.0
  node-scp:
    specifier: ^0.0.23
    version: 0.0.23

packages:

  /asn1@0.2.6:
    resolution: {integrity: sha512-ix/FxPn0MDjeyJ7i/yoHGFt/EX6LyNbxSEhPPXODPL+KB0VPk86UYfL0lMdy+KCnv+fmvIzySwaK5COwqVbWTQ==}
    dependencies:
      safer-buffer: 2.1.2
    dev: false

  /bcrypt-pbkdf@1.0.2:
    resolution: {integrity: sha512-qeFIXtP4MSoi6NLqO12WfqARWWuCKi2Rn/9hJLEmtB5yTNr9DqFWkJRCf2qShWzPeAMRnOgCrq0sg/KLv5ES9w==}
    dependencies:
      tweetnacl: 0.14.5
    dev: false

  /buildcheck@0.0.6:
    resolution: {integrity: sha512-8f9ZJCUXyT1M35Jx7MkBgmBMo3oHTTBIPLiY9xyL0pl3T5RwcPEY8cUHr5LBNfu/fk6c2T4DJZuVM/8ZZT2D2A==}
    engines: {node: '>=10.0.0'}
    requiresBuild: true
    dev: false
    optional: true

  /cpu-features@0.0.8:
    resolution: {integrity: sha512-BbHBvtYhUhksqTjr6bhNOjGgMnhwhGTQmOoZGD+K7BCaQDCuZl/Ve1ZxUSMRwVC4D/rkCPQ2MAIeYzrWyK7eEg==}
    engines: {node: '>=10.0.0'}
    requiresBuild: true
    dependencies:
      buildcheck: 0.0.6
      nan: 2.17.0
    dev: false
    optional: true

  /cron@2.4.0:
    resolution: {integrity: sha512-Cx77ic1TyIAtUggr0oAhtS8MLzPBUqGNIvdDM7jE3oFIxfe8LXWI9q3iQN/H2CebAiMir53LQKWOhEKnzkJTAQ==}
    dependencies:
      luxon: 3.4.0
    dev: false

  /dotenv-flow@3.2.0:
    resolution: {integrity: sha512-GEB6RrR4AbqDJvNSFrYHqZ33IKKbzkvLYiD5eo4+9aFXr4Y4G+QaFrB/fNp0y6McWBmvaPn3ZNjIufnj8irCtg==}
    engines: {node: '>= 8.0.0'}
    dependencies:
      dotenv: 8.6.0
    dev: false

  /dotenv@8.6.0:
    resolution: {integrity: sha512-IrPdXQsk2BbzvCBGBOTmmSH5SodmqZNt4ERAZDmW4CT+tL8VtvinqywuANaFu4bOMWki16nqf0e4oC0QIaDr/g==}
    engines: {node: '>=10'}
    dev: false

  /luxon@3.4.0:
    resolution: {integrity: sha512-7eDo4Pt7aGhoCheGFIuq4Xa2fJm4ZpmldpGhjTYBNUYNCN6TIEP6v7chwwwt3KRp7YR+rghbfvjyo3V5y9hgBw==}
    engines: {node: '>=12'}
    dev: false

  /nan@2.17.0:
    resolution: {integrity: sha512-2ZTgtl0nJsO0KQCjEpxcIr5D+Yv90plTitZt9JBfQvVJDS5seMl3FOvsh3+9CoYWXf/1l5OaZzzF6nDm4cagaQ==}
    requiresBuild: true
    dev: false
    optional: true

  /node-scp@0.0.23:
    resolution: {integrity: sha512-He+Jxt1WwuAZBfdPxoq+wQSrXMSHobB4+oo1LUDhKGqzbub7D/Q6JpDja3SzFvaxIhhnhgituP91BU97viCMjA==}
    dependencies:
      ssh2: 1.14.0
    dev: false

  /safer-buffer@2.1.2:
    resolution: {integrity: sha512-YZo3K82SD7Riyi0E1EQPojLz7kpepnSQI9IyPbHHg1XXXevb5dJI7tpyN2ADxGcQbHG7vcyRHk0cbwqcQriUtg==}
    dev: false

  /ssh2@1.14.0:
    resolution: {integrity: sha512-AqzD1UCqit8tbOKoj6ztDDi1ffJZ2rV2SwlgrVVrHPkV5vWqGJOVp5pmtj18PunkPJAuKQsnInyKV+/Nb2bUnA==}
    engines: {node: '>=10.16.0'}
    requiresBuild: true
    dependencies:
      asn1: 0.2.6
      bcrypt-pbkdf: 1.0.2
    optionalDependencies:
      cpu-features: 0.0.8
      nan: 2.17.0
    dev: false

  /tweetnacl@0.14.5:
    resolution: {integrity: sha512-KXXFFdAbFXY4geFIwoyNK+f5Z1b7swfXABfL7HXCmoIWMKU3dmS26672A4EeQtDzLKy7SXmfBu51JolvEKwtGA==}
    dev: false
